// !$*UTF8*$!
{
	archiveVersion = 1;
	classes = {
	};
	objectVersion = 44;
	objects = {

/* Begin PBXAggregateTarget section */
		53DF6901067E5B8E0090B5B0 /* All */ = {
			isa = PBXAggregateTarget;
			buildConfigurationList = C056398708A954F8003078D8 /* Build configuration list for PBXAggregateTarget "All" */;
			buildPhases = (
			);
			dependencies = (
				53DF6903067E5B930090B5B0 /* PBXTargetDependency */,
				53DF6905067E5B930090B5B0 /* PBXTargetDependency */,
			);
			name = All;
			productName = All;
		};
/* End PBXAggregateTarget section */

/* Begin PBXBuildFile section */
		13EB9DBE07DE0F1E00EB933A /* InterfaceBuilder.framework in Frameworks */ = {isa = PBXBuildFile; fileRef = 13EB9DBD07DE0F1E00EB933A /* InterfaceBuilder.framework */; };
		13F8B89007B43554008AE28D /* Cocoa.framework in Frameworks */ = {isa = PBXBuildFile; fileRef = DD92D38A0106425D02CA0E72 /* Cocoa.framework */; };
		546DEAF3067F632A0098DCC4 /* ColorLabelButton.framework in Frameworks */ = {isa = PBXBuildFile; fileRef = 53DF68FD067E5B5A0090B5B0 /* ColorLabelButton.framework */; };
		54D33B2906778E3300C9C163 /* Color_Label_Button.ibclassdescription in Resources */ = {isa = PBXBuildFile; fileRef = 54D33B2806778E3300C9C163 /* Color_Label_Button.ibclassdescription */; };
		8D1AC9670486D14A00FE50C9 /* Colour_Label_ButtonInspector.nib in Resources */ = {isa = PBXBuildFile; fileRef = 0259C57EFE90428111CA0C5A /* Colour_Label_ButtonInspector.nib */; };
		8D1AC9680486D14A00FE50C9 /* Colour_Label_ButtonPalette.nib in Resources */ = {isa = PBXBuildFile; fileRef = 0259C580FE90428111CA0C5A /* Colour_Label_ButtonPalette.nib */; };
		8D1AC9690486D14A00FE50C9 /* palette.table in Resources */ = {isa = PBXBuildFile; fileRef = 0259C583FE90428111CA0C5A /* palette.table */; };
		8D1AC96C0486D14A00FE50C9 /* Color_Label_ButtonInspector.m in Sources */ = {isa = PBXBuildFile; fileRef = 0259C577FE90428111CA0C5A /* Color_Label_ButtonInspector.m */; settings = {ATTRIBUTES = (); }; };
		8D1AC96D0486D14A00FE50C9 /* Color_Label_ButtonPalette.m in Sources */ = {isa = PBXBuildFile; fileRef = 0259C578FE90428111CA0C5A /* Color_Label_ButtonPalette.m */; settings = {ATTRIBUTES = (); }; };
		8D1AC9700486D14A00FE50C9 /* Cocoa.framework in Frameworks */ = {isa = PBXBuildFile; fileRef = DD92D38A0106425D02CA0E72 /* Cocoa.framework */; };
		8D1AC9800486D23B00FE50C9 /* InfoPlist.strings in Resources */ = {isa = PBXBuildFile; fileRef = 8D1AC97F0486D23B00FE50C9 /* InfoPlist.strings */; };
		EA357AA00B381E1C006A85AF /* MemoryManagementMacros.h in Headers */ = {isa = PBXBuildFile; fileRef = EA357A9F0B381E1C006A85AF /* MemoryManagementMacros.h */; settings = {ATTRIBUTES = (Private, ); }; };
		EA357BCA0B382336006A85AF /* NSBezierPath.h in Headers */ = {isa = PBXBuildFile; fileRef = EA357BC80B382336006A85AF /* NSBezierPath.h */; settings = {ATTRIBUTES = (); }; };
		EA357BCB0B382336006A85AF /* NSBezierPath.m in Sources */ = {isa = PBXBuildFile; fileRef = EA357BC90B382336006A85AF /* NSBezierPath.m */; };
		EA357C890B382617006A85AF /* ColorLabelButton.h in Headers */ = {isa = PBXBuildFile; fileRef = EA357C850B382617006A85AF /* ColorLabelButton.h */; settings = {ATTRIBUTES = (Public, ); }; };
		EA357C8A0B382617006A85AF /* ColorLabelButton.m in Sources */ = {isa = PBXBuildFile; fileRef = EA357C860B382617006A85AF /* ColorLabelButton.m */; };
		EA357C8B0B382617006A85AF /* ColorLabelButtonCell.h in Headers */ = {isa = PBXBuildFile; fileRef = EA357C870B382617006A85AF /* ColorLabelButtonCell.h */; settings = {ATTRIBUTES = (Public, ); }; };
		EA357C8C0B382617006A85AF /* ColorLabelButtonCell.m in Sources */ = {isa = PBXBuildFile; fileRef = EA357C880B382617006A85AF /* ColorLabelButtonCell.m */; };
		EA357D590B38296E006A85AF /* imageColorLabelClear.png in Resources */ = {isa = PBXBuildFile; fileRef = EA357D570B38296E006A85AF /* imageColorLabelClear.png */; };
		EA357D5A0B38296E006A85AF /* imageColorLabelMaskComposite.png in Resources */ = {isa = PBXBuildFile; fileRef = EA357D580B38296E006A85AF /* imageColorLabelMaskComposite.png */; };
/* End PBXBuildFile section */

/* Begin PBXContainerItemProxy section */
		53DF6902067E5B930090B5B0 /* PBXContainerItemProxy */ = {
			isa = PBXContainerItemProxy;
			containerPortal = 0259C573FE90428111CA0C5A /* Project object */;
			proxyType = 1;
			remoteGlobalIDString = 8D1AC9600486D14A00FE50C9;
			remoteInfo = "Colour Label Button";
		};
		53DF6904067E5B930090B5B0 /* PBXContainerItemProxy */ = {
			isa = PBXContainerItemProxy;
			containerPortal = 0259C573FE90428111CA0C5A /* Project object */;
			proxyType = 1;
			remoteGlobalIDString = 53DF68FC067E5B5A0090B5B0;
			remoteInfo = "Colour Label ButtonFramework";
		};
		546DEAEF067F62F70098DCC4 /* PBXContainerItemProxy */ = {
			isa = PBXContainerItemProxy;
			containerPortal = 0259C573FE90428111CA0C5A /* Project object */;
			proxyType = 1;
			remoteGlobalIDString = 53DF68FC067E5B5A0090B5B0;
			remoteInfo = "Colour Label ButtonFramework";
		};
/* End PBXContainerItemProxy section */

/* Begin PBXFileReference section */
		0259C577FE90428111CA0C5A /* Color_Label_ButtonInspector.m */ = {isa = PBXFileReference; fileEncoding = 30; lastKnownFileType = sourcecode.c.objc; path = Color_Label_ButtonInspector.m; sourceTree = "<group>"; };
		0259C578FE90428111CA0C5A /* Color_Label_ButtonPalette.m */ = {isa = PBXFileReference; fileEncoding = 30; lastKnownFileType = sourcecode.c.objc; path = Color_Label_ButtonPalette.m; sourceTree = "<group>"; };
		0259C57BFE90428111CA0C5A /* Color_Label_ButtonInspector.h */ = {isa = PBXFileReference; fileEncoding = 30; lastKnownFileType = sourcecode.c.h; path = Color_Label_ButtonInspector.h; sourceTree = "<group>"; };
		0259C57CFE90428111CA0C5A /* Color_Label_ButtonPalette.h */ = {isa = PBXFileReference; fileEncoding = 30; lastKnownFileType = sourcecode.c.h; path = Color_Label_ButtonPalette.h; sourceTree = "<group>"; };
		0259C57FFE90428111CA0C5A /* Color_Label_ButtonInspector.nib */ = {isa = PBXFileReference; lastKnownFileType = wrapper.nib; name = Color_Label_ButtonInspector.nib; path = English.lproj/Color_Label_ButtonInspector.nib; sourceTree = "<group>"; };
		0259C581FE90428111CA0C5A /* Color_Label_ButtonPalette.nib */ = {isa = PBXFileReference; lastKnownFileType = wrapper.nib; name = Color_Label_ButtonPalette.nib; path = English.lproj/Color_Label_ButtonPalette.nib; sourceTree = "<group>"; };
		0259C583FE90428111CA0C5A /* palette.table */ = {isa = PBXFileReference; fileEncoding = 4; lastKnownFileType = text.xml; path = palette.table; sourceTree = "<group>"; };
		13EB9DBD07DE0F1E00EB933A /* InterfaceBuilder.framework */ = {isa = PBXFileReference; lastKnownFileType = wrapper.framework; name = InterfaceBuilder.framework; path = /System/Library/Frameworks/InterfaceBuilder.framework; sourceTree = "<absolute>"; };
		13F8B88807B434F6008AE28D /* AppKit.framework */ = {isa = PBXFileReference; lastKnownFileType = wrapper.framework; name = AppKit.framework; path = /System/Library/Frameworks/AppKit.framework; sourceTree = "<absolute>"; };
		13F8B88907B434F6008AE28D /* CoreData.framework */ = {isa = PBXFileReference; lastKnownFileType = wrapper.framework; name = CoreData.framework; path = /System/Library/Frameworks/CoreData.framework; sourceTree = "<absolute>"; };
		13F8B88A07B434F6008AE28D /* Foundation.framework */ = {isa = PBXFileReference; lastKnownFileType = wrapper.framework; name = Foundation.framework; path = /System/Library/Frameworks/Foundation.framework; sourceTree = "<absolute>"; };
		32DBCF980370C29C00C91783 /* Color Label Button_Prefix.pch */ = {isa = PBXFileReference; fileEncoding = 4; lastKnownFileType = sourcecode.c.h; path = "Color Label Button_Prefix.pch"; sourceTree = "<group>"; };
		53DF68FD067E5B5A0090B5B0 /* ColorLabelButton.framework */ = {isa = PBXFileReference; explicitFileType = wrapper.framework; includeInIndex = 0; path = ColorLabelButton.framework; sourceTree = BUILT_PRODUCTS_DIR; };
		53DF68FE067E5B5A0090B5B0 /* Color_Label_Button-Info.plist */ = {isa = PBXFileReference; lastKnownFileType = text.plist.xml; path = "Color_Label_Button-Info.plist"; sourceTree = "<group>"; };
		54D33B2806778E3300C9C163 /* Color_Label_Button.ibclassdescription */ = {isa = PBXFileReference; fileEncoding = 4; lastKnownFileType = text; path = Color_Label_Button.ibclassdescription; sourceTree = "<group>"; };
		8D1AC9730486D14A00FE50C9 /* Info.plist */ = {isa = PBXFileReference; fileEncoding = 4; lastKnownFileType = text.plist; path = Info.plist; sourceTree = "<group>"; };
		8D1AC9740486D14A00FE50C9 /* Color Label Button.palette */ = {isa = PBXFileReference; explicitFileType = wrapper.cfbundle; includeInIndex = 0; path = "Color Label Button.palette"; sourceTree = BUILT_PRODUCTS_DIR; };
		8D1AC97B0486D23100FE50C9 /* English */ = {isa = PBXFileReference; fileEncoding = 10; lastKnownFileType = text.plist.strings; name = English; path = English.lproj/InfoPlist.strings; sourceTree = "<group>"; };
		DD92D38A0106425D02CA0E72 /* Cocoa.framework */ = {isa = PBXFileReference; lastKnownFileType = wrapper.framework; name = Cocoa.framework; path = /System/Library/Frameworks/Cocoa.framework; sourceTree = "<absolute>"; };
		EA357A9F0B381E1C006A85AF /* MemoryManagementMacros.h */ = {isa = PBXFileReference; fileEncoding = 4; lastKnownFileType = sourcecode.c.h; path = MemoryManagementMacros.h; sourceTree = "<group>"; };
		EA357BC80B382336006A85AF /* NSBezierPath.h */ = {isa = PBXFileReference; fileEncoding = 4; lastKnownFileType = sourcecode.c.h; path = NSBezierPath.h; sourceTree = "<group>"; };
		EA357BC90B382336006A85AF /* NSBezierPath.m */ = {isa = PBXFileReference; fileEncoding = 4; lastKnownFileType = sourcecode.c.objc; path = NSBezierPath.m; sourceTree = "<group>"; };
		EA357C850B382617006A85AF /* ColorLabelButton.h */ = {isa = PBXFileReference; fileEncoding = 4; lastKnownFileType = sourcecode.c.h; path = ColorLabelButton.h; sourceTree = "<group>"; };
		EA357C860B382617006A85AF /* ColorLabelButton.m */ = {isa = PBXFileReference; fileEncoding = 4; lastKnownFileType = sourcecode.c.objc; path = ColorLabelButton.m; sourceTree = "<group>"; };
		EA357C870B382617006A85AF /* ColorLabelButtonCell.h */ = {isa = PBXFileReference; fileEncoding = 4; lastKnownFileType = sourcecode.c.h; path = ColorLabelButtonCell.h; sourceTree = "<group>"; };
		EA357C880B382617006A85AF /* ColorLabelButtonCell.m */ = {isa = PBXFileReference; fileEncoding = 4; lastKnownFileType = sourcecode.c.objc; path = ColorLabelButtonCell.m; sourceTree = "<group>"; };
		EA357D570B38296E006A85AF /* imageColorLabelClear.png */ = {isa = PBXFileReference; lastKnownFileType = image.png; path = imageColorLabelClear.png; sourceTree = "<group>"; };
		EA357D580B38296E006A85AF /* imageColorLabelMaskComposite.png */ = {isa = PBXFileReference; lastKnownFileType = image.png; path = imageColorLabelMaskComposite.png; sourceTree = "<group>"; };
/* End PBXFileReference section */

/* Begin PBXFrameworksBuildPhase section */
		53DF68FB067E5B5A0090B5B0 /* Frameworks */ = {
			isa = PBXFrameworksBuildPhase;
			buildActionMask = 2147483647;
			files = (
				13F8B89007B43554008AE28D /* Cocoa.framework in Frameworks */,
			);
			runOnlyForDeploymentPostprocessing = 0;
		};
		8D1AC96E0486D14A00FE50C9 /* Frameworks */ = {
			isa = PBXFrameworksBuildPhase;
			buildActionMask = 2147483647;
			files = (
				8D1AC9700486D14A00FE50C9 /* Cocoa.framework in Frameworks */,
				546DEAF3067F632A0098DCC4 /* ColorLabelButton.framework in Frameworks */,
				13EB9DBE07DE0F1E00EB933A /* InterfaceBuilder.framework in Frameworks */,
			);
			runOnlyForDeploymentPostprocessing = 0;
		};
/* End PBXFrameworksBuildPhase section */

/* Begin PBXGroup section */
		0259C574FE90428111CA0C5A /* Colour_Label_Button */ = {
			isa = PBXGroup;
			children = (
				32DBCF9E0370C38000C91783 /* Palette */,
				54D33B2C06778E4400C9C163 /* Framework */,
				0259C582FE90428111CA0C5A /* Resources */,
				1ED78706FE9D4A0611CA0C5A /* Products */,
				2E58F364FFB232C311CA0CBA /* Frameworks */,
			);
			name = Colour_Label_Button;
			sourceTree = "<group>";
		};
		0259C582FE90428111CA0C5A /* Resources */ = {
			isa = PBXGroup;
			children = (
				EA357D570B38296E006A85AF /* imageColorLabelClear.png */,
				EA357D580B38296E006A85AF /* imageColorLabelMaskComposite.png */,
				8D1AC9730486D14A00FE50C9 /* Info.plist */,
				53DF68FE067E5B5A0090B5B0 /* Color_Label_Button-Info.plist */,
				8D1AC97F0486D23B00FE50C9 /* InfoPlist.strings */,
			);
			name = Resources;
			sourceTree = "<group>";
		};
		131E8FE8067F80F40006E0CE /* Resources */ = {
			isa = PBXGroup;
			children = (
				0259C57EFE90428111CA0C5A /* Colour_Label_ButtonInspector.nib */,
				0259C580FE90428111CA0C5A /* Colour_Label_ButtonPalette.nib */,
			);
			name = Resources;
			sourceTree = "<group>";
		};
		13F8B6FD07B43410008AE28D /* Linked Frameworks */ = {
			isa = PBXGroup;
			children = (
				13EB9DBD07DE0F1E00EB933A /* InterfaceBuilder.framework */,
				DD92D38A0106425D02CA0E72 /* Cocoa.framework */,
			);
			name = "Linked Frameworks";
			sourceTree = "<group>";
		};
		13F8B70407B43425008AE28D /* Other Frameworks */ = {
			isa = PBXGroup;
			children = (
				13F8B88807B434F6008AE28D /* AppKit.framework */,
				13F8B88907B434F6008AE28D /* CoreData.framework */,
				13F8B88A07B434F6008AE28D /* Foundation.framework */,
			);
			name = "Other Frameworks";
			sourceTree = "<group>";
		};
		1ED78706FE9D4A0611CA0C5A /* Products */ = {
			isa = PBXGroup;
			children = (
				8D1AC9740486D14A00FE50C9 /* Color Label Button.palette */,
				53DF68FD067E5B5A0090B5B0 /* ColorLabelButton.framework */,
			);
			name = Products;
			sourceTree = "<group>";
		};
		2E58F364FFB232C311CA0CBA /* Frameworks */ = {
			isa = PBXGroup;
			children = (
				13F8B6FD07B43410008AE28D /* Linked Frameworks */,
				13F8B70407B43425008AE28D /* Other Frameworks */,
			);
			name = Frameworks;
			sourceTree = "<group>";
		};
		32DBCF9E0370C38000C91783 /* Palette */ = {
			isa = PBXGroup;
			children = (
				54D33B2406778DD400C9C163 /* Undo Support */,
				54D33B2506778DF000C9C163 /* Classes */,
				32DBCF9F0370C38200C91783 /* Other Sources */,
				131E8FE8067F80F40006E0CE /* Resources */,
				0259C583FE90428111CA0C5A /* palette.table */,
			);
			name = Palette;
			sourceTree = "<group>";
		};
		32DBCF9F0370C38200C91783 /* Other Sources */ = {
			isa = PBXGroup;
			children = (
				32DBCF980370C29C00C91783 /* Color Label Button_Prefix.pch */,
			);
			name = "Other Sources";
			sourceTree = "<group>";
		};
		54D33B2406778DD400C9C163 /* Undo Support */ = {
			isa = PBXGroup;
			children = (
				54D33B2806778E3300C9C163 /* Color_Label_Button.ibclassdescription */,
			);
			name = "Undo Support";
			sourceTree = "<group>";
		};
		54D33B2506778DF000C9C163 /* Classes */ = {
			isa = PBXGroup;
			children = (
				0259C57BFE90428111CA0C5A /* Color_Label_ButtonInspector.h */,
				0259C577FE90428111CA0C5A /* Color_Label_ButtonInspector.m */,
				0259C57CFE90428111CA0C5A /* Color_Label_ButtonPalette.h */,
				0259C578FE90428111CA0C5A /* Color_Label_ButtonPalette.m */,
			);
			name = Classes;
			sourceTree = "<group>";
		};
		54D33B2C06778E4400C9C163 /* Framework */ = {
			isa = PBXGroup;
			children = (
				EA357C850B382617006A85AF /* ColorLabelButton.h */,
				EA357C860B382617006A85AF /* ColorLabelButton.m */,
				EA357C870B382617006A85AF /* ColorLabelButtonCell.h */,
				EA357C880B382617006A85AF /* ColorLabelButtonCell.m */,
				EA357A9F0B381E1C006A85AF /* MemoryManagementMacros.h */,
				EA357BC80B382336006A85AF /* NSBezierPath.h */,
				EA357BC90B382336006A85AF /* NSBezierPath.m */,
			);
			name = Framework;
			sourceTree = "<group>";
		};
/* End PBXGroup section */

/* Begin PBXHeadersBuildPhase section */
		53DF68F8067E5B5A0090B5B0 /* Headers */ = {
			isa = PBXHeadersBuildPhase;
			buildActionMask = 2147483647;
			files = (
				EA357AA00B381E1C006A85AF /* MemoryManagementMacros.h in Headers */,
				EA357BCA0B382336006A85AF /* NSBezierPath.h in Headers */,
				EA357C890B382617006A85AF /* ColorLabelButton.h in Headers */,
				EA357C8B0B382617006A85AF /* ColorLabelButtonCell.h in Headers */,
			);
			runOnlyForDeploymentPostprocessing = 0;
		};
/* End PBXHeadersBuildPhase section */

/* Begin PBXNativeTarget section */
		53DF68FC067E5B5A0090B5B0 /* ColourLabelButton */ = {
			isa = PBXNativeTarget;
			buildConfigurationList = C056397F08A954F8003078D8 /* Build configuration list for PBXNativeTarget "ColourLabelButton" */;
			buildPhases = (
				53DF68F8067E5B5A0090B5B0 /* Headers */,
				53DF68F9067E5B5A0090B5B0 /* Resources */,
				53DF68FA067E5B5A0090B5B0 /* Sources */,
				53DF68FB067E5B5A0090B5B0 /* Frameworks */,
			);
			buildRules = (
			);
			dependencies = (
			);
			name = ColourLabelButton;
			productName = "Colour Label ButtonFramework";
			productReference = 53DF68FD067E5B5A0090B5B0 /* ColorLabelButton.framework */;
			productType = "com.apple.product-type.framework";
		};
		8D1AC9600486D14A00FE50C9 /* Colour Label Button */ = {
			isa = PBXNativeTarget;
			buildConfigurationList = C056398308A954F8003078D8 /* Build configuration list for PBXNativeTarget "Colour Label Button" */;
			buildPhases = (
				8D1AC9660486D14A00FE50C9 /* Resources */,
				8D1AC96A0486D14A00FE50C9 /* Sources */,
				8D1AC96E0486D14A00FE50C9 /* Frameworks */,
			);
			buildRules = (
			);
			dependencies = (
				546DEAF0067F62F70098DCC4 /* PBXTargetDependency */,
			);
			name = "Colour Label Button";
			productInstallPath = "$(HOME)/Developer/Palettes";
			productName = "Colour Label Button";
			productReference = 8D1AC9740486D14A00FE50C9 /* Color Label Button.palette */;
			productType = "com.apple.product-type.bundle";
		};
/* End PBXNativeTarget section */

/* Begin PBXProject section */
		0259C573FE90428111CA0C5A /* Project object */ = {
			isa = PBXProject;
			buildConfigurationList = C056398B08A954F8003078D8 /* Build configuration list for PBXProject "Color Label Button" */;
			compatibilityVersion = "Xcode 3.0";
			hasScannedForEncodings = 1;
			mainGroup = 0259C574FE90428111CA0C5A /* Colour_Label_Button */;
			projectDirPath = "";
			projectRoot = "";
			targets = (
				8D1AC9600486D14A00FE50C9 /* Colour Label Button */,
				53DF68FC067E5B5A0090B5B0 /* ColourLabelButton */,
				53DF6901067E5B8E0090B5B0 /* All */,
			);
		};
/* End PBXProject section */

/* Begin PBXResourcesBuildPhase section */
		53DF68F9067E5B5A0090B5B0 /* Resources */ = {
			isa = PBXResourcesBuildPhase;
			buildActionMask = 2147483647;
			files = (
				EA357D590B38296E006A85AF /* imageColorLabelClear.png in Resources */,
				EA357D5A0B38296E006A85AF /* imageColorLabelMaskComposite.png in Resources */,
			);
			runOnlyForDeploymentPostprocessing = 0;
		};
		8D1AC9660486D14A00FE50C9 /* Resources */ = {
			isa = PBXResourcesBuildPhase;
			buildActionMask = 2147483647;
			files = (
				8D1AC9670486D14A00FE50C9 /* Colour_Label_ButtonInspector.nib in Resources */,
				8D1AC9680486D14A00FE50C9 /* Colour_Label_ButtonPalette.nib in Resources */,
				8D1AC9690486D14A00FE50C9 /* palette.table in Resources */,
				8D1AC9800486D23B00FE50C9 /* InfoPlist.strings in Resources */,
				54D33B2906778E3300C9C163 /* Color_Label_Button.ibclassdescription in Resources */,
			);
			runOnlyForDeploymentPostprocessing = 0;
		};
/* End PBXResourcesBuildPhase section */

/* Begin PBXSourcesBuildPhase section */
		53DF68FA067E5B5A0090B5B0 /* Sources */ = {
			isa = PBXSourcesBuildPhase;
			buildActionMask = 2147483647;
			files = (
				EA357BCB0B382336006A85AF /* NSBezierPath.m in Sources */,
				EA357C8A0B382617006A85AF /* ColorLabelButton.m in Sources */,
				EA357C8C0B382617006A85AF /* ColorLabelButtonCell.m in Sources */,
			);
			runOnlyForDeploymentPostprocessing = 0;
		};
		8D1AC96A0486D14A00FE50C9 /* Sources */ = {
			isa = PBXSourcesBuildPhase;
			buildActionMask = 2147483647;
			files = (
				8D1AC96C0486D14A00FE50C9 /* Color_Label_ButtonInspector.m in Sources */,
				8D1AC96D0486D14A00FE50C9 /* Color_Label_ButtonPalette.m in Sources */,
			);
			runOnlyForDeploymentPostprocessing = 0;
		};
/* End PBXSourcesBuildPhase section */

/* Begin PBXTargetDependency section */
		53DF6903067E5B930090B5B0 /* PBXTargetDependency */ = {
			isa = PBXTargetDependency;
			target = 8D1AC9600486D14A00FE50C9 /* Colour Label Button */;
			targetProxy = 53DF6902067E5B930090B5B0 /* PBXContainerItemProxy */;
		};
		53DF6905067E5B930090B5B0 /* PBXTargetDependency */ = {
			isa = PBXTargetDependency;
			target = 53DF68FC067E5B5A0090B5B0 /* ColourLabelButton */;
			targetProxy = 53DF6904067E5B930090B5B0 /* PBXContainerItemProxy */;
		};
		546DEAF0067F62F70098DCC4 /* PBXTargetDependency */ = {
			isa = PBXTargetDependency;
			target = 53DF68FC067E5B5A0090B5B0 /* ColourLabelButton */;
			targetProxy = 546DEAEF067F62F70098DCC4 /* PBXContainerItemProxy */;
		};
/* End PBXTargetDependency section */

/* Begin PBXVariantGroup section */
		0259C57EFE90428111CA0C5A /* Colour_Label_ButtonInspector.nib */ = {
			isa = PBXVariantGroup;
			children = (
				0259C57FFE90428111CA0C5A /* Color_Label_ButtonInspector.nib */,
			);
			name = Colour_Label_ButtonInspector.nib;
			sourceTree = "<group>";
		};
		0259C580FE90428111CA0C5A /* Colour_Label_ButtonPalette.nib */ = {
			isa = PBXVariantGroup;
			children = (
				0259C581FE90428111CA0C5A /* Color_Label_ButtonPalette.nib */,
			);
			name = Colour_Label_ButtonPalette.nib;
			sourceTree = "<group>";
		};
		8D1AC97F0486D23B00FE50C9 /* InfoPlist.strings */ = {
			isa = PBXVariantGroup;
			children = (
				8D1AC97B0486D23100FE50C9 /* English */,
			);
			name = InfoPlist.strings;
			sourceTree = "<group>";
		};
/* End PBXVariantGroup section */

/* Begin XCBuildConfiguration section */
		C056398008A954F8003078D8 /* Debug */ = {
			isa = XCBuildConfiguration;
			buildSettings = {
				COPY_PHASE_STRIP = NO;
				DEPLOYMENT_LOCATION = YES;
				DSTROOT = /;
				DYLIB_COMPATIBILITY_VERSION = 1;
				DYLIB_CURRENT_VERSION = 1;
				FRAMEWORK_VERSION = A;
				GCC_DYNAMIC_NO_PIC = NO;
				GCC_ENABLE_FIX_AND_CONTINUE = YES;
				GCC_MODEL_TUNING = G5;
				GCC_OPTIMIZATION_LEVEL = 0;
				GCC_PRECOMPILE_PREFIX_HEADER = YES;
				GCC_PREFIX_HEADER = "$(SYSTEM_LIBRARY_DIR)/Frameworks/AppKit.framework/Headers/AppKit.h";
				INFOPLIST_FILE = "Color_Label_Button-Info.plist";
				INSTALL_PATH = "$(HOME)/Library/Frameworks";
				PRODUCT_NAME = ColorLabelButton;
				ZERO_LINK = YES;
			};
			name = Debug;
		};
		C056398108A954F8003078D8 /* Release */ = {
			isa = XCBuildConfiguration;
			buildSettings = {
				ARCHS = (
					ppc,
					i386,
				);
				DEPLOYMENT_LOCATION = YES;
				DSTROOT = /;
				DYLIB_COMPATIBILITY_VERSION = 1;
				DYLIB_CURRENT_VERSION = 1;
				FRAMEWORK_VERSION = A;
				GCC_GENERATE_DEBUGGING_SYMBOLS = NO;
				GCC_MODEL_TUNING = G5;
				GCC_PRECOMPILE_PREFIX_HEADER = YES;
				GCC_PREFIX_HEADER = "$(SYSTEM_LIBRARY_DIR)/Frameworks/AppKit.framework/Headers/AppKit.h";
				INFOPLIST_FILE = "Color_Label_Button-Info.plist";
				INSTALL_PATH = "$(HOME)/Library/Frameworks";
				PRODUCT_NAME = ColorLabelButton;
			};
			name = Release;
		};
		C056398408A954F8003078D8 /* Debug */ = {
			isa = XCBuildConfiguration;
			buildSettings = {
				COPY_PHASE_STRIP = NO;
				DEPLOYMENT_LOCATION = YES;
				DSTROOT = /;
				GCC_DYNAMIC_NO_PIC = NO;
				GCC_ENABLE_FIX_AND_CONTINUE = YES;
				GCC_MODEL_TUNING = G5;
				GCC_OPTIMIZATION_LEVEL = 0;
				GCC_PRECOMPILE_PREFIX_HEADER = YES;
				GCC_PREFIX_HEADER = "Color Label Button_Prefix.pch";
				INFOPLIST_FILE = Info.plist;
				INSTALL_PATH = "$(HOME)/Library/Palettes";
				PRODUCT_NAME = "Color Label Button";
				WRAPPER_EXTENSION = palette;
				ZERO_LINK = YES;
			};
			name = Debug;
		};
		C056398508A954F8003078D8 /* Release */ = {
			isa = XCBuildConfiguration;
			buildSettings = {
				ARCHS = (
					ppc,
					i386,
				);
				DEPLOYMENT_LOCATION = YES;
				DSTROOT = /;
				GCC_GENERATE_DEBUGGING_SYMBOLS = NO;
				GCC_MODEL_TUNING = G5;
				GCC_PRECOMPILE_PREFIX_HEADER = YES;
				GCC_PREFIX_HEADER = "Color Label Button_Prefix.pch";
				INFOPLIST_FILE = Info.plist;
				INSTALL_PATH = "$(HOME)/Library/Palettes";
				PRODUCT_NAME = "Color Label Button";
				WRAPPER_EXTENSION = palette;
			};
			name = Release;
		};
		C056398808A954F8003078D8 /* Debug */ = {
			isa = XCBuildConfiguration;
			buildSettings = {
				COPY_PHASE_STRIP = NO;
				GCC_DYNAMIC_NO_PIC = NO;
				GCC_ENABLE_FIX_AND_CONTINUE = YES;
				GCC_MODEL_TUNING = G5;
				GCC_OPTIMIZATION_LEVEL = 0;
				PRODUCT_NAME = All;
				WARNING_CFLAGS = (
					"-Wmost",
					"-Wno-four-char-constants",
					"-Wno-unknown-pragmas",
				);
				ZERO_LINK = YES;
			};
			name = Debug;
		};
		C056398908A954F8003078D8 /* Release */ = {
			isa = XCBuildConfiguration;
			buildSettings = {
				ARCHS = (
					ppc,
					i386,
				);
				GCC_GENERATE_DEBUGGING_SYMBOLS = NO;
				GCC_MODEL_TUNING = G5;
				PRODUCT_NAME = All;
				WARNING_CFLAGS = (
					"-Wmost",
					"-Wno-four-char-constants",
					"-Wno-unknown-pragmas",
				);
			};
			name = Release;
		};
		C056398C08A954F8003078D8 /* Debug */ = {
			isa = XCBuildConfiguration;
			buildSettings = {
				GCC_WARN_ABOUT_RETURN_TYPE = YES;
				GCC_WARN_UNUSED_VARIABLE = YES;
				PREBINDING = NO;
			};
			name = Debug;
		};
		C056398D08A954F8003078D8 /* Release */ = {
			isa = XCBuildConfiguration;
			buildSettings = {
				GCC_WARN_ABOUT_RETURN_TYPE = YES;
				GCC_WARN_UNUSED_VARIABLE = YES;
				PREBINDING = NO;
			};
			name = Release;
		};
/* End XCBuildConfiguration section */

/* Begin XCConfigurationList section */
		C056397F08A954F8003078D8 /* Build configuration list for PBXNativeTarget "ColourLabelButton" */ = {
			isa = XCConfigurationList;
			buildConfigurations = (
				C056398008A954F8003078D8 /* Debug */,
				C056398108A954F8003078D8 /* Release */,
			);
			defaultConfigurationIsVisible = 0;
			defaultConfigurationName = Release;
		};
		C056398308A954F8003078D8 /* Build configuration list for PBXNativeTarget "Colour Label Button" */ = {
			isa = XCConfigurationList;
			buildConfigurations = (
				C056398408A954F8003078D8 /* Debug */,
				C056398508A954F8003078D8 /* Release */,
			);
			defaultConfigurationIsVisible = 0;
			defaultConfigurationName = Release;
		};
		C056398708A954F8003078D8 /* Build configuration list for PBXAggregateTarget "All" */ = {
			isa = XCConfigurationList;
			buildConfigurations = (
				C056398808A954F8003078D8 /* Debug */,
				C056398908A954F8003078D8 /* Release */,
			);
			defaultConfigurationIsVisible = 0;
			defaultConfigurationName = Release;
		};
		C056398B08A954F8003078D8 /* Build configuration list for PBXProject "Color Label Button" */ = {
			isa = XCConfigurationList;
			buildConfigurations = (
				C056398C08A954F8003078D8 /* Debug */,
				C056398D08A954F8003078D8 /* Release */,
			);
			defaultConfigurationIsVisible = 0;
			defaultConfigurationName = Release;
		};
/* End XCConfigurationList section */
	};
	rootObject = 0259C573FE90428111CA0C5A /* Project object */;
}
